
Microsoft Visual Studio Solution File, Format Version 12.00
# Visual Studio Version 17
VisualStudioVersion = 17.0.31903.59
MinimumVisualStudioVersion = 10.0.40219.1
Project("{2150E333-8FDC-42A3-9474-1A3956D46DE8}") = "src", "src", "{827E0CD3-B72D-47B6-A68D-7590B98EB39B}"
EndProject
Project("{FAE04EC0-301F-11D3-BF4B-00C04F79EFBC}") = "ButterMorph", "src\ButterMorph\ButterMorph.csproj", "{C8456D46-4ABD-475E-83E9-0CF96387EA77}"
EndProject
Project("{FAE04EC0-301F-11D3-BF4B-00C04F79EFBC}") = "ButterMorph.Abstractions", "src\ButterMorph.Abstractions\ButterMorph.Abstractions.csproj", "{57972B41-3935-48D2-A66D-835D31C71B40}"
EndProject
Project("{FAE04EC0-301F-11D3-BF4B-00C04F79EFBC}") = "ButterMorph.Core", "src\ButterMorph.Core\ButterMorph.Core.csproj", "{D73580A3-604B-4796-9F6C-71F83B7F27D2}"
EndProject
Project("{FAE04EC0-301F-11D3-BF4B-00C04F79EFBC}") = "ButterMorph.DependencyInjection", "src\ButterMorph.DependencyInjection\ButterMorph.DependencyInjection.csproj", "{581653BA-CEE6-4129-B9F4-F7690DF6B117}"
EndProject
Project("{FAE04EC0-301F-11D3-BF4B-00C04F79EFBC}") = "ButterMorph.Dsl", "src\ButterMorph.Dsl\ButterMorph.Dsl.csproj", "{E0842B81-1664-4A9B-AE92-B421C1D2EC90}"
EndProject
Project("{FAE04EC0-301F-11D3-BF4B-00C04F79EFBC}") = "ButterMorph.Execution", "src\ButterMorph.Execution\ButterMorph.Execution.csproj", "{D25010B8-8342-428B-BFE9-85D25935C54E}"
EndProject
Project("{FAE04EC0-301F-11D3-BF4B-00C04F79EFBC}") = "ButterMorph.Functions", "src\ButterMorph.Functions\ButterMorph.Functions.csproj", "{001D3B44-EC30-498A-A14C-F1C1214887A9}"
EndProject
Project("{FAE04EC0-301F-11D3-BF4B-00C04F79EFBC}") = "ButterMorph.Json", "src\ButterMorph.Json\ButterMorph.Json.csproj", "{B6BEA693-82ED-4828-BD8E-965A8F9C532D}"
EndProject
Project("{FAE04EC0-301F-11D3-BF4B-00C04F79EFBC}") = "ButterMorph.Navigation", "src\ButterMorph.Navigation\ButterMorph.Navigation.csproj", "{2072A22E-827E-4F72-85A0-2856A063EC53}"
EndProject
Project("{FAE04EC0-301F-11D3-BF4B-00C04F79EFBC}") = "ButterMorph.Transformation", "src\ButterMorph.Transformation\ButterMorph.Transformation.csproj", "{C32C0681-853F-418F-94FE-42226A86710A}"
EndProject
Project("{FAE04EC0-301F-11D3-BF4B-00C04F79EFBC}") = "ButterMorph.Validation", "src\ButterMorph.Validation\ButterMorph.Validation.csproj", "{0499CF79-87E0-4D05-99AA-FCF4AD503695}"
EndProject
Project("{2150E333-8FDC-42A3-9474-1A3956D46DE8}") = "tests", "tests", "{0AB3BF05-4346-4AA6-1389-037BE0695223}"
EndProject
Project("{FAE04EC0-301F-11D3-BF4B-00C04F79EFBC}") = "ButterMorph.IntegrationTests", "tests\ButterMorph.IntegrationTests\ButterMorph.IntegrationTests.csproj", "{05493ABE-F6E0-4C9A-AD6A-40B7C73BB987}"
EndProject
Project("{FAE04EC0-301F-11D3-BF4B-00C04F79EFBC}") = "ButterMorph.PerformanceTests", "tests\ButterMorph.PerformanceTests\ButterMorph.PerformanceTests.csproj", "{AD4CFE7C-15B5-4C8E-8C7C-EE9023851BD2}"
EndProject
Project("{FAE04EC0-301F-11D3-BF4B-00C04F79EFBC}") = "ButterMorph.UnitTests", "tests\ButterMorph.UnitTests\ButterMorph.UnitTests.csproj", "{3450C0DA-716D-4861-B0A7-E085133A044C}"
EndProject
Project("{FAE04EC0-301F-11D3-BF4B-00C04F79EFBC}") = "ButterMorph.Modeling", "src\ButterMorph.Modeling\ButterMorph.Modeling.csproj", "{3D9E71BC-B4B2-486D-8D98-9798CA4C8E7A}"
EndProject
Global
	GlobalSection(SolutionConfigurationPlatforms) = preSolution
		Debug|Any CPU = Debug|Any CPU
		Debug|x64 = Debug|x64
		Debug|x86 = Debug|x86
		Release|Any CPU = Release|Any CPU
		Release|x64 = Release|x64
		Release|x86 = Release|x86
	EndGlobalSection
	GlobalSection(ProjectConfigurationPlatforms) = postSolution
		{C8456D46-4ABD-475E-83E9-0CF96387EA77}.Debug|Any CPU.ActiveCfg = Debug|Any CPU
		{C8456D46-4ABD-475E-83E9-0CF96387EA77}.Debug|Any CPU.Build.0 = Debug|Any CPU
		{C8456D46-4ABD-475E-83E9-0CF96387EA77}.Debug|x64.ActiveCfg = Debug|Any CPU
		{C8456D46-4ABD-475E-83E9-0CF96387EA77}.Debug|x64.Build.0 = Debug|Any CPU
		{C8456D46-4ABD-475E-83E9-0CF96387EA77}.Debug|x86.ActiveCfg = Debug|Any CPU
		{C8456D46-4ABD-475E-83E9-0CF96387EA77}.Debug|x86.Build.0 = Debug|Any CPU
		{C8456D46-4ABD-475E-83E9-0CF96387EA77}.Release|Any CPU.ActiveCfg = Release|Any CPU
		{C8456D46-4ABD-475E-83E9-0CF96387EA77}.Release|Any CPU.Build.0 = Release|Any CPU
		{C8456D46-4ABD-475E-83E9-0CF96387EA77}.Release|x64.ActiveCfg = Release|Any CPU
		{C8456D46-4ABD-475E-83E9-0CF96387EA77}.Release|x64.Build.0 = Release|Any CPU
		{C8456D46-4ABD-475E-83E9-0CF96387EA77}.Release|x86.ActiveCfg = Release|Any CPU
		{C8456D46-4ABD-475E-83E9-0CF96387EA77}.Release|x86.Build.0 = Release|Any CPU
		{57972B41-3935-48D2-A66D-835D31C71B40}.Debug|Any CPU.ActiveCfg = Debug|Any CPU
		{57972B41-3935-48D2-A66D-835D31C71B40}.Debug|Any CPU.Build.0 = Debug|Any CPU
		{57972B41-3935-48D2-A66D-835D31C71B40}.Debug|x64.ActiveCfg = Debug|Any CPU
		{57972B41-3935-48D2-A66D-835D31C71B40}.Debug|x64.Build.0 = Debug|Any CPU
		{57972B41-3935-48D2-A66D-835D31C71B40}.Debug|x86.ActiveCfg = Debug|Any CPU
		{57972B41-3935-48D2-A66D-835D31C71B40}.Debug|x86.Build.0 = Debug|Any CPU
		{57972B41-3935-48D2-A66D-835D31C71B40}.Release|Any CPU.ActiveCfg = Release|Any CPU
		{57972B41-3935-48D2-A66D-835D31C71B40}.Release|Any CPU.Build.0 = Release|Any CPU
		{57972B41-3935-48D2-A66D-835D31C71B40}.Release|x64.ActiveCfg = Release|Any CPU
		{57972B41-3935-48D2-A66D-835D31C71B40}.Release|x64.Build.0 = Release|Any CPU
		{57972B41-3935-48D2-A66D-835D31C71B40}.Release|x86.ActiveCfg = Release|Any CPU
		{57972B41-3935-48D2-A66D-835D31C71B40}.Release|x86.Build.0 = Release|Any CPU
		{D73580A3-604B-4796-9F6C-71F83B7F27D2}.Debug|Any CPU.ActiveCfg = Debug|Any CPU
		{D73580A3-604B-4796-9F6C-71F83B7F27D2}.Debug|Any CPU.Build.0 = Debug|Any CPU
		{D73580A3-604B-4796-9F6C-71F83B7F27D2}.Debug|x64.ActiveCfg = Debug|Any CPU
		{D73580A3-604B-4796-9F6C-71F83B7F27D2}.Debug|x64.Build.0 = Debug|Any CPU
		{D73580A3-604B-4796-9F6C-71F83B7F27D2}.Debug|x86.ActiveCfg = Debug|Any CPU
		{D73580A3-604B-4796-9F6C-71F83B7F27D2}.Debug|x86.Build.0 = Debug|Any CPU
		{D73580A3-604B-4796-9F6C-71F83B7F27D2}.Release|Any CPU.ActiveCfg = Release|Any CPU
		{D73580A3-604B-4796-9F6C-71F83B7F27D2}.Release|Any CPU.Build.0 = Release|Any CPU
		{D73580A3-604B-4796-9F6C-71F83B7F27D2}.Release|x64.ActiveCfg = Release|Any CPU
		{D73580A3-604B-4796-9F6C-71F83B7F27D2}.Release|x64.Build.0 = Release|Any CPU
		{D73580A3-604B-4796-9F6C-71F83B7F27D2}.Release|x86.ActiveCfg = Release|Any CPU
		{D73580A3-604B-4796-9F6C-71F83B7F27D2}.Release|x86.Build.0 = Release|Any CPU
		{581653BA-CEE6-4129-B9F4-F7690DF6B117}.Debug|Any CPU.ActiveCfg = Debug|Any CPU
		{581653BA-CEE6-4129-B9F4-F7690DF6B117}.Debug|Any CPU.Build.0 = Debug|Any CPU
		{581653BA-CEE6-4129-B9F4-F7690DF6B117}.Debug|x64.ActiveCfg = Debug|Any CPU
		{581653BA-CEE6-4129-B9F4-F7690DF6B117}.Debug|x64.Build.0 = Debug|Any CPU
		{581653BA-CEE6-4129-B9F4-F7690DF6B117}.Debug|x86.ActiveCfg = Debug|Any CPU
		{581653BA-CEE6-4129-B9F4-F7690DF6B117}.Debug|x86.Build.0 = Debug|Any CPU
		{581653BA-CEE6-4129-B9F4-F7690DF6B117}.Release|Any CPU.ActiveCfg = Release|Any CPU
		{581653BA-CEE6-4129-B9F4-F7690DF6B117}.Release|Any CPU.Build.0 = Release|Any CPU
		{581653BA-CEE6-4129-B9F4-F7690DF6B117}.Release|x64.ActiveCfg = Release|Any CPU
		{581653BA-CEE6-4129-B9F4-F7690DF6B117}.Release|x64.Build.0 = Release|Any CPU
		{581653BA-CEE6-4129-B9F4-F7690DF6B117}.Release|x86.ActiveCfg = Release|Any CPU
		{581653BA-CEE6-4129-B9F4-F7690DF6B117}.Release|x86.Build.0 = Release|Any CPU
		{E0842B81-1664-4A9B-AE92-B421C1D2EC90}.Debug|Any CPU.ActiveCfg = Debug|Any CPU
		{E0842B81-1664-4A9B-AE92-B421C1D2EC90}.Debug|Any CPU.Build.0 = Debug|Any CPU
		{E0842B81-1664-4A9B-AE92-B421C1D2EC90}.Debug|x64.ActiveCfg = Debug|Any CPU
		{E0842B81-1664-4A9B-AE92-B421C1D2EC90}.Debug|x64.Build.0 = Debug|Any CPU
		{E0842B81-1664-4A9B-AE92-B421C1D2EC90}.Debug|x86.ActiveCfg = Debug|Any CPU
		{E0842B81-1664-4A9B-AE92-B421C1D2EC90}.Debug|x86.Build.0 = Debug|Any CPU
		{E0842B81-1664-4A9B-AE92-B421C1D2EC90}.Release|Any CPU.ActiveCfg = Release|Any CPU
		{E0842B81-1664-4A9B-AE92-B421C1D2EC90}.Release|Any CPU.Build.0 = Release|Any CPU
		{E0842B81-1664-4A9B-AE92-B421C1D2EC90}.Release|x64.ActiveCfg = Release|Any CPU
		{E0842B81-1664-4A9B-AE92-B421C1D2EC90}.Release|x64.Build.0 = Release|Any CPU
		{E0842B81-1664-4A9B-AE92-B421C1D2EC90}.Release|x86.ActiveCfg = Release|Any CPU
		{E0842B81-1664-4A9B-AE92-B421C1D2EC90}.Release|x86.Build.0 = Release|Any CPU
		{D25010B8-8342-428B-BFE9-85D25935C54E}.Debug|Any CPU.ActiveCfg = Debug|Any CPU
		{D25010B8-8342-428B-BFE9-85D25935C54E}.Debug|Any CPU.Build.0 = Debug|Any CPU
		{D25010B8-8342-428B-BFE9-85D25935C54E}.Debug|x64.ActiveCfg = Debug|Any CPU
		{D25010B8-8342-428B-BFE9-85D25935C54E}.Debug|x64.Build.0 = Debug|Any CPU
		{D25010B8-8342-428B-BFE9-85D25935C54E}.Debug|x86.ActiveCfg = Debug|Any CPU
		{D25010B8-8342-428B-BFE9-85D25935C54E}.Debug|x86.Build.0 = Debug|Any CPU
		{D25010B8-8342-428B-BFE9-85D25935C54E}.Release|Any CPU.ActiveCfg = Release|Any CPU
		{D25010B8-8342-428B-BFE9-85D25935C54E}.Release|Any CPU.Build.0 = Release|Any CPU
		{D25010B8-8342-428B-BFE9-85D25935C54E}.Release|x64.ActiveCfg = Release|Any CPU
		{D25010B8-8342-428B-BFE9-85D25935C54E}.Release|x64.Build.0 = Release|Any CPU
		{D25010B8-8342-428B-BFE9-85D25935C54E}.Release|x86.ActiveCfg = Release|Any CPU
		{D25010B8-8342-428B-BFE9-85D25935C54E}.Release|x86.Build.0 = Release|Any CPU
		{001D3B44-EC30-498A-A14C-F1C1214887A9}.Debug|Any CPU.ActiveCfg = Debug|Any CPU
		{001D3B44-EC30-498A-A14C-F1C1214887A9}.Debug|Any CPU.Build.0 = Debug|Any CPU
		{001D3B44-EC30-498A-A14C-F1C1214887A9}.Debug|x64.ActiveCfg = Debug|Any CPU
		{001D3B44-EC30-498A-A14C-F1C1214887A9}.Debug|x64.Build.0 = Debug|Any CPU
		{001D3B44-EC30-498A-A14C-F1C1214887A9}.Debug|x86.ActiveCfg = Debug|Any CPU
		{001D3B44-EC30-498A-A14C-F1C1214887A9}.Debug|x86.Build.0 = Debug|Any CPU
		{001D3B44-EC30-498A-A14C-F1C1214887A9}.Release|Any CPU.ActiveCfg = Release|Any CPU
		{001D3B44-EC30-498A-A14C-F1C1214887A9}.Release|Any CPU.Build.0 = Release|Any CPU
		{001D3B44-EC30-498A-A14C-F1C1214887A9}.Release|x64.ActiveCfg = Release|Any CPU
		{001D3B44-EC30-498A-A14C-F1C1214887A9}.Release|x64.Build.0 = Release|Any CPU
		{001D3B44-EC30-498A-A14C-F1C1214887A9}.Release|x86.ActiveCfg = Release|Any CPU
		{001D3B44-EC30-498A-A14C-F1C1214887A9}.Release|x86.Build.0 = Release|Any CPU
		{B6BEA693-82ED-4828-BD8E-965A8F9C532D}.Debug|Any CPU.ActiveCfg = Debug|Any CPU
		{B6BEA693-82ED-4828-BD8E-965A8F9C532D}.Debug|Any CPU.Build.0 = Debug|Any CPU
		{B6BEA693-82ED-4828-BD8E-965A8F9C532D}.Debug|x64.ActiveCfg = Debug|Any CPU
		{B6BEA693-82ED-4828-BD8E-965A8F9C532D}.Debug|x64.Build.0 = Debug|Any CPU
		{B6BEA693-82ED-4828-BD8E-965A8F9C532D}.Debug|x86.ActiveCfg = Debug|Any CPU
		{B6BEA693-82ED-4828-BD8E-965A8F9C532D}.Debug|x86.Build.0 = Debug|Any CPU
		{B6BEA693-82ED-4828-BD8E-965A8F9C532D}.Release|Any CPU.ActiveCfg = Release|Any CPU
		{B6BEA693-82ED-4828-BD8E-965A8F9C532D}.Release|Any CPU.Build.0 = Release|Any CPU
		{B6BEA693-82ED-4828-BD8E-965A8F9C532D}.Release|x64.ActiveCfg = Release|Any CPU
		{B6BEA693-82ED-4828-BD8E-965A8F9C532D}.Release|x64.Build.0 = Release|Any CPU
		{B6BEA693-82ED-4828-BD8E-965A8F9C532D}.Release|x86.ActiveCfg = Release|Any CPU
		{B6BEA693-82ED-4828-BD8E-965A8F9C532D}.Release|x86.Build.0 = Release|Any CPU
		{2072A22E-827E-4F72-85A0-2856A063EC53}.Debug|Any CPU.ActiveCfg = Debug|Any CPU
		{2072A22E-827E-4F72-85A0-2856A063EC53}.Debug|Any CPU.Build.0 = Debug|Any CPU
		{2072A22E-827E-4F72-85A0-2856A063EC53}.Debug|x64.ActiveCfg = Debug|Any CPU
		{2072A22E-827E-4F72-85A0-2856A063EC53}.Debug|x64.Build.0 = Debug|Any CPU
		{2072A22E-827E-4F72-85A0-2856A063EC53}.Debug|x86.ActiveCfg = Debug|Any CPU
		{2072A22E-827E-4F72-85A0-2856A063EC53}.Debug|x86.Build.0 = Debug|Any CPU
		{2072A22E-827E-4F72-85A0-2856A063EC53}.Release|Any CPU.ActiveCfg = Release|Any CPU
		{2072A22E-827E-4F72-85A0-2856A063EC53}.Release|Any CPU.Build.0 = Release|Any CPU
		{2072A22E-827E-4F72-85A0-2856A063EC53}.Release|x64.ActiveCfg = Release|Any CPU
		{2072A22E-827E-4F72-85A0-2856A063EC53}.Release|x64.Build.0 = Release|Any CPU
		{2072A22E-827E-4F72-85A0-2856A063EC53}.Release|x86.ActiveCfg = Release|Any CPU
		{2072A22E-827E-4F72-85A0-2856A063EC53}.Release|x86.Build.0 = Release|Any CPU
		{C32C0681-853F-418F-94FE-42226A86710A}.Debug|Any CPU.ActiveCfg = Debug|Any CPU
		{C32C0681-853F-418F-94FE-42226A86710A}.Debug|Any CPU.Build.0 = Debug|Any CPU
		{C32C0681-853F-418F-94FE-42226A86710A}.Debug|x64.ActiveCfg = Debug|Any CPU
		{C32C0681-853F-418F-94FE-42226A86710A}.Debug|x64.Build.0 = Debug|Any CPU
		{C32C0681-853F-418F-94FE-42226A86710A}.Debug|x86.ActiveCfg = Debug|Any CPU
		{C32C0681-853F-418F-94FE-42226A86710A}.Debug|x86.Build.0 = Debug|Any CPU
		{C32C0681-853F-418F-94FE-42226A86710A}.Release|Any CPU.ActiveCfg = Release|Any CPU
		{C32C0681-853F-418F-94FE-42226A86710A}.Release|Any CPU.Build.0 = Release|Any CPU
		{C32C0681-853F-418F-94FE-42226A86710A}.Release|x64.ActiveCfg = Release|Any CPU
		{C32C0681-853F-418F-94FE-42226A86710A}.Release|x64.Build.0 = Release|Any CPU
		{C32C0681-853F-418F-94FE-42226A86710A}.Release|x86.ActiveCfg = Release|Any CPU
		{C32C0681-853F-418F-94FE-42226A86710A}.Release|x86.Build.0 = Release|Any CPU
		{0499CF79-87E0-4D05-99AA-FCF4AD503695}.Debug|Any CPU.ActiveCfg = Debug|Any CPU
		{0499CF79-87E0-4D05-99AA-FCF4AD503695}.Debug|Any CPU.Build.0 = Debug|Any CPU
		{0499CF79-87E0-4D05-99AA-FCF4AD503695}.Debug|x64.ActiveCfg = Debug|Any CPU
		{0499CF79-87E0-4D05-99AA-FCF4AD503695}.Debug|x64.Build.0 = Debug|Any CPU
		{0499CF79-87E0-4D05-99AA-FCF4AD503695}.Debug|x86.ActiveCfg = Debug|Any CPU
		{0499CF79-87E0-4D05-99AA-FCF4AD503695}.Debug|x86.Build.0 = Debug|Any CPU
		{0499CF79-87E0-4D05-99AA-FCF4AD503695}.Release|Any CPU.ActiveCfg = Release|Any CPU
		{0499CF79-87E0-4D05-99AA-FCF4AD503695}.Release|Any CPU.Build.0 = Release|Any CPU
		{0499CF79-87E0-4D05-99AA-FCF4AD503695}.Release|x64.ActiveCfg = Release|Any CPU
		{0499CF79-87E0-4D05-99AA-FCF4AD503695}.Release|x64.Build.0 = Release|Any CPU
		{0499CF79-87E0-4D05-99AA-FCF4AD503695}.Release|x86.ActiveCfg = Release|Any CPU
		{0499CF79-87E0-4D05-99AA-FCF4AD503695}.Release|x86.Build.0 = Release|Any CPU
		{05493ABE-F6E0-4C9A-AD6A-40B7C73BB987}.Debug|Any CPU.ActiveCfg = Debug|Any CPU
		{05493ABE-F6E0-4C9A-AD6A-40B7C73BB987}.Debug|Any CPU.Build.0 = Debug|Any CPU
		{05493ABE-F6E0-4C9A-AD6A-40B7C73BB987}.Debug|x64.ActiveCfg = Debug|Any CPU
		{05493ABE-F6E0-4C9A-AD6A-40B7C73BB987}.Debug|x64.Build.0 = Debug|Any CPU
		{05493ABE-F6E0-4C9A-AD6A-40B7C73BB987}.Debug|x86.ActiveCfg = Debug|Any CPU
		{05493ABE-F6E0-4C9A-AD6A-40B7C73BB987}.Debug|x86.Build.0 = Debug|Any CPU
		{05493ABE-F6E0-4C9A-AD6A-40B7C73BB987}.Release|Any CPU.ActiveCfg = Release|Any CPU
		{05493ABE-F6E0-4C9A-AD6A-40B7C73BB987}.Release|Any CPU.Build.0 = Release|Any CPU
		{05493ABE-F6E0-4C9A-AD6A-40B7C73BB987}.Release|x64.ActiveCfg = Release|Any CPU
		{05493ABE-F6E0-4C9A-AD6A-40B7C73BB987}.Release|x64.Build.0 = Release|Any CPU
		{05493ABE-F6E0-4C9A-AD6A-40B7C73BB987}.Release|x86.ActiveCfg = Release|Any CPU
		{05493ABE-F6E0-4C9A-AD6A-40B7C73BB987}.Release|x86.Build.0 = Release|Any CPU
		{AD4CFE7C-15B5-4C8E-8C7C-EE9023851BD2}.Debug|Any CPU.ActiveCfg = Debug|Any CPU
		{AD4CFE7C-15B5-4C8E-8C7C-EE9023851BD2}.Debug|Any CPU.Build.0 = Debug|Any CPU
		{AD4CFE7C-15B5-4C8E-8C7C-EE9023851BD2}.Debug|x64.ActiveCfg = Debug|Any CPU
		{AD4CFE7C-15B5-4C8E-8C7C-EE9023851BD2}.Debug|x64.Build.0 = Debug|Any CPU
		{AD4CFE7C-15B5-4C8E-8C7C-EE9023851BD2}.Debug|x86.ActiveCfg = Debug|Any CPU
		{AD4CFE7C-15B5-4C8E-8C7C-EE9023851BD2}.Debug|x86.Build.0 = Debug|Any CPU
		{AD4CFE7C-15B5-4C8E-8C7C-EE9023851BD2}.Release|Any CPU.ActiveCfg = Release|Any CPU
		{AD4CFE7C-15B5-4C8E-8C7C-EE9023851BD2}.Release|Any CPU.Build.0 = Release|Any CPU
		{AD4CFE7C-15B5-4C8E-8C7C-EE9023851BD2}.Release|x64.ActiveCfg = Release|Any CPU
		{AD4CFE7C-15B5-4C8E-8C7C-EE9023851BD2}.Release|x64.Build.0 = Release|Any CPU
		{AD4CFE7C-15B5-4C8E-8C7C-EE9023851BD2}.Release|x86.ActiveCfg = Release|Any CPU
		{AD4CFE7C-15B5-4C8E-8C7C-EE9023851BD2}.Release|x86.Build.0 = Release|Any CPU
		{3450C0DA-716D-4861-B0A7-E085133A044C}.Debug|Any CPU.ActiveCfg = Debug|Any CPU
		{3450C0DA-716D-4861-B0A7-E085133A044C}.Debug|Any CPU.Build.0 = Debug|Any CPU
		{3450C0DA-716D-4861-B0A7-E085133A044C}.Debug|x64.ActiveCfg = Debug|Any CPU
		{3450C0DA-716D-4861-B0A7-E085133A044C}.Debug|x64.Build.0 = Debug|Any CPU
		{3450C0DA-716D-4861-B0A7-E085133A044C}.Debug|x86.ActiveCfg = Debug|Any CPU
		{3450C0DA-716D-4861-B0A7-E085133A044C}.Debug|x86.Build.0 = Debug|Any CPU
		{3450C0DA-716D-4861-B0A7-E085133A044C}.Release|Any CPU.ActiveCfg = Release|Any CPU
		{3450C0DA-716D-4861-B0A7-E085133A044C}.Release|Any CPU.Build.0 = Release|Any CPU
		{3450C0DA-716D-4861-B0A7-E085133A044C}.Release|x64.ActiveCfg = Release|Any CPU
		{3450C0DA-716D-4861-B0A7-E085133A044C}.Release|x64.Build.0 = Release|Any CPU
		{3450C0DA-716D-4861-B0A7-E085133A044C}.Release|x86.ActiveCfg = Release|Any CPU
		{3450C0DA-716D-4861-B0A7-E085133A044C}.Release|x86.Build.0 = Release|Any CPU
		{3D9E71BC-B4B2-486D-8D98-9798CA4C8E7A}.Debug|Any CPU.ActiveCfg = Debug|Any CPU
		{3D9E71BC-B4B2-486D-8D98-9798CA4C8E7A}.Debug|Any CPU.Build.0 = Debug|Any CPU
		{3D9E71BC-B4B2-486D-8D98-9798CA4C8E7A}.Debug|x64.ActiveCfg = Debug|Any CPU
		{3D9E71BC-B4B2-486D-8D98-9798CA4C8E7A}.Debug|x64.Build.0 = Debug|Any CPU
		{3D9E71BC-B4B2-486D-8D98-9798CA4C8E7A}.Debug|x86.ActiveCfg = Debug|Any CPU
		{3D9E71BC-B4B2-486D-8D98-9798CA4C8E7A}.Debug|x86.Build.0 = Debug|Any CPU
		{3D9E71BC-B4B2-486D-8D98-9798CA4C8E7A}.Release|Any CPU.ActiveCfg = Release|Any CPU
		{3D9E71BC-B4B2-486D-8D98-9798CA4C8E7A}.Release|Any CPU.Build.0 = Release|Any CPU
		{3D9E71BC-B4B2-486D-8D98-9798CA4C8E7A}.Release|x64.ActiveCfg = Release|Any CPU
		{3D9E71BC-B4B2-486D-8D98-9798CA4C8E7A}.Release|x64.Build.0 = Release|Any CPU
		{3D9E71BC-B4B2-486D-8D98-9798CA4C8E7A}.Release|x86.ActiveCfg = Release|Any CPU
		{3D9E71BC-B4B2-486D-8D98-9798CA4C8E7A}.Release|x86.Build.0 = Release|Any CPU
	EndGlobalSection
	GlobalSection(SolutionProperties) = preSolution
		HideSolutionNode = FALSE
	EndGlobalSection
	GlobalSection(NestedProjects) = preSolution
		{C8456D46-4ABD-475E-83E9-0CF96387EA77} = {827E0CD3-B72D-47B6-A68D-7590B98EB39B}
		{57972B41-3935-48D2-A66D-835D31C71B40} = {827E0CD3-B72D-47B6-A68D-7590B98EB39B}
		{D73580A3-604B-4796-9F6C-71F83B7F27D2} = {827E0CD3-B72D-47B6-A68D-7590B98EB39B}
		{581653BA-CEE6-4129-B9F4-F7690DF6B117} = {827E0CD3-B72D-47B6-A68D-7590B98EB39B}
		{E0842B81-1664-4A9B-AE92-B421C1D2EC90} = {827E0CD3-B72D-47B6-A68D-7590B98EB39B}
		{D25010B8-8342-428B-BFE9-85D25935C54E} = {827E0CD3-B72D-47B6-A68D-7590B98EB39B}
		{001D3B44-EC30-498A-A14C-F1C1214887A9} = {827E0CD3-B72D-47B6-A68D-7590B98EB39B}
		{B6BEA693-82ED-4828-BD8E-965A8F9C532D} = {827E0CD3-B72D-47B6-A68D-7590B98EB39B}
		{2072A22E-827E-4F72-85A0-2856A063EC53} = {827E0CD3-B72D-47B6-A68D-7590B98EB39B}
		{C32C0681-853F-418F-94FE-42226A86710A} = {827E0CD3-B72D-47B6-A68D-7590B98EB39B}
		{0499CF79-87E0-4D05-99AA-FCF4AD503695} = {827E0CD3-B72D-47B6-A68D-7590B98EB39B}
		{05493ABE-F6E0-4C9A-AD6A-40B7C73BB987} = {0AB3BF05-4346-4AA6-1389-037BE0695223}
		{AD4CFE7C-15B5-4C8E-8C7C-EE9023851BD2} = {0AB3BF05-4346-4AA6-1389-037BE0695223}
		{3450C0DA-716D-4861-B0A7-E085133A044C} = {0AB3BF05-4346-4AA6-1389-037BE0695223}
		{3D9E71BC-B4B2-486D-8D98-9798CA4C8E7A} = {827E0CD3-B72D-47B6-A68D-7590B98EB39B}
	EndGlobalSection
EndGlobal
